
Microsoft Visual Studio Solution File, Format Version 12.00
# Visual Studio Version 17
VisualStudioVersion = 17.6.33723.286
MinimumVisualStudioVersion = 10.0.40219.1
Project("{9A19103F-16F7-4668-BE54-9A1E7A4F7556}") = "SignalRTutorial", "SignalRTutorial.csproj", "{6B7AA4AB-8A4C-4FA9-B0A1-2494FC4D48B8}"
EndProject
Project("{9A19103F-16F7-4668-BE54-9A1E7A4F7556}") = "SubscriptionSample", "..\SubscriptionSample\SubscriptionSample.csproj", "{5B4FFFB2-E102-4A11-B114-D6E240357EF6}"
EndProject
Project("{FAE04EC0-301F-11D3-BF4B-00C04F79EFBC}") = "ChattingSample", "..\ChattingSample\ChattingSample.csproj", "{25D6C261-2D97-473E-B7E5-6B76D201AA34}"
EndProject
Project("{FAE04EC0-301F-11D3-BF4B-00C04F79EFBC}") = "OrderPlaceSample", "..\OrderPlaceSample\OrderPlaceSample.csproj", "{4C9236BB-6ABE-4FF2-A1B6-8A3832FC3140}"
EndProject
Global
	GlobalSection(SolutionConfigurationPlatforms) = preSolution
		Debug|Any CPU = Debug|Any CPU
		Release|Any CPU = Release|Any CPU
	EndGlobalSection
	GlobalSection(ProjectConfigurationPlatforms) = postSolution
		{6B7AA4AB-8A4C-4FA9-B0A1-2494FC4D48B8}.Debug|Any CPU.ActiveCfg = Debug|Any CPU
		{6B7AA4AB-8A4C-4FA9-B0A1-2494FC4D48B8}.Debug|Any CPU.Build.0 = Debug|Any CPU
		{6B7AA4AB-8A4C-4FA9-B0A1-2494FC4D48B8}.Release|Any CPU.ActiveCfg = Release|Any CPU
		{6B7AA4AB-8A4C-4FA9-B0A1-2494FC4D48B8}.Release|Any CPU.Build.0 = Release|Any CPU
		{5B4FFFB2-E102-4A11-B114-D6E240357EF6}.Debug|Any CPU.ActiveCfg = Debug|Any CPU
		{5B4FFFB2-E102-4A11-B114-D6E240357EF6}.Debug|Any CPU.Build.0 = Debug|Any CPU
		{5B4FFFB2-E102-4A11-B114-D6E240357EF6}.Release|Any CPU.ActiveCfg = Release|Any CPU
		{5B4FFFB2-E102-4A11-B114-D6E240357EF6}.Release|Any CPU.Build.0 = Release|Any CPU
		{25D6C261-2D97-473E-B7E5-6B76D201AA34}.Debug|Any CPU.ActiveCfg = Debug|Any CPU
		{25D6C261-2D97-473E-B7E5-6B76D201AA34}.Debug|Any CPU.Build.0 = Debug|Any CPU
		{25D6C261-2D97-473E-B7E5-6B76D201AA34}.Release|Any CPU.ActiveCfg = Release|Any CPU
		{25D6C261-2D97-473E-B7E5-6B76D201AA34}.Release|Any CPU.Build.0 = Release|Any CPU
		{4C9236BB-6ABE-4FF2-A1B6-8A3832FC3140}.Debug|Any CPU.ActiveCfg = Debug|Any CPU
		{4C9236BB-6ABE-4FF2-A1B6-8A3832FC3140}.Debug|Any CPU.Build.0 = Debug|Any CPU
		{4C9236BB-6ABE-4FF2-A1B6-8A3832FC3140}.Release|Any CPU.ActiveCfg = Release|Any CPU
		{4C9236BB-6ABE-4FF2-A1B6-8A3832FC3140}.Release|Any CPU.Build.0 = Release|Any CPU
	EndGlobalSection
	GlobalSection(SolutionProperties) = preSolution
		HideSolutionNode = FALSE
	EndGlobalSection
	GlobalSection(ExtensibilityGlobals) = postSolution
		SolutionGuid = {22C2BA9D-0530-4121-801D-3417E1621334}
	EndGlobalSection
EndGlobal
